{
  "name": "nevatrip-admin",
  "version": "1.0.0",
  "lockfileVersion": 1,
  "requires": true,
  "dependencies": {
    "@progress/kendo-theme-default": {
      "version": "3.0.0",
      "resolved": "https://registry.npmjs.org/@progress/kendo-theme-default/-/kendo-theme-default-3.0.0.tgz",
      "integrity": "sha512-t+UOzDgDB0HvlRqAkhgU0trbh1GFsN6osufv8dz+wwz5vCEpDqocE4a0/gidW/1zkNvbz863AFoyUm2w2gYu2w=="
    },
    "@progress/kendo-ui": {
      "version": "2018.3.1219",
      "resolved": "https://registry.npmjs.org/@progress/kendo-ui/-/kendo-ui-2018.3.1219.tgz",
      "integrity": "sha512-nLEpBGYrqb3XiXAnW4rW/4ZtnjlKK+I7QFW3EyviwtcGVrDEqzA2poJrCnMifS47QsCx839lOWkcHXjEQMDXnA==",
      "requires": {
        "jquery": "<=3"
      }
    },
    "@sanity/default-login": {
      "version": "0.139.0",
      "resolved": "https://registry.npmjs.org/@sanity/default-login/-/default-login-0.139.0.tgz",
      "integrity": "sha512-XbeJP8h8BK5WVM4XE4m/j3z+mHbQRIlrHTR6rzbRzEiElcUCPuLik9z1aN4c1zX0Ab/AJ+IBwuBnn/49GTIKmg==",
      "requires": {
        "@sanity/generate-help-url": "0.139.0",
        "in-publish": "^2.0.0",
        "prop-types": "^15.6.0"
      },
      "dependencies": {
        "prop-types": {
          "version": "15.6.2",
          "resolved": "https://registry.npmjs.org/prop-types/-/prop-types-15.6.2.tgz",
          "integrity": "sha512-3pboPvLiWD7dkI3qf3KbUe6hKFKa52w+AE0VCqECtf+QHAKgOL37tTaNCnuX1nAAQ4ZhyP+kYVKf8rLmJ/feDQ==",
          "requires": {
            "loose-envify": "^1.3.1",
            "object-assign": "^4.1.1"
          }
        }
      }
    },
    "@sanity/generate-help-url": {
      "version": "0.139.0",
      "resolved": "https://registry.npmjs.org/@sanity/generate-help-url/-/generate-help-url-0.139.0.tgz",
      "integrity": "sha512-M5VMpZfF2KjuaHO5tatq+w+hD43cjmFiAD8z17NL8/rvB8GmTCmbF9ikqms0ZbVuIWT4rww8KCbV4up9NaJqHw=="
    },
    "in-publish": {
      "version": "2.0.0",
      "resolved": "https://registry.npmjs.org/in-publish/-/in-publish-2.0.0.tgz",
      "integrity": "sha1-4g/146KvwmkDILbcVSaCqcf631E="
    },
    "jquery": {
      "version": "3.3.1",
      "resolved": "https://registry.npmjs.org/jquery/-/jquery-3.3.1.tgz",
      "integrity": "sha512-Ubldcmxp5np52/ENotGxlLe6aGMvmF4R8S6tZjsP6Knsaxd/xp3Zrh50cG93lR6nPXyUFwzN3ZSOQI0wRJNdGg=="
    },
    "js-tokens": {
      "version": "4.0.0",
      "resolved": "https://registry.npmjs.org/js-tokens/-/js-tokens-4.0.0.tgz",
      "integrity": "sha512-RdJUflcE3cUzKiMqQgsCu06FPu9UdIJO0beYbPhHN4k6apgJtifcoCtT9bcxOpYBtpD2kCM6Sbzg4CausW/PKQ=="
    },
    "loose-envify": {
      "version": "1.4.0",
      "resolved": "https://registry.npmjs.org/loose-envify/-/loose-envify-1.4.0.tgz",
      "integrity": "sha512-lyuxPGr/Wfhrlem2CL/UcnUc1zcqKAImBDzukY7Y5F/yQiNdko6+fRLevlw1HgMySw7f611UIY408EtxRSoK3Q==",
      "requires": {
        "js-tokens": "^3.0.0 || ^4.0.0"
      }
    },
    "object-assign": {
      "version": "4.1.1",
      "resolved": "https://registry.npmjs.org/object-assign/-/object-assign-4.1.1.tgz",
      "integrity": "sha1-IQmtx5ZYh8/AXLvUQsrIv7s2CGM="
    },
    "react": {
      "version": "16.7.0",
      "resolved": "https://registry.npmjs.org/react/-/react-0.0.0-4a1072194.tgz",
      "integrity": "sha512-ZUj2lkUDLjwJaGu4WD0dYSvsfIyhQt2l/AJDlg4ij+rCDU3fSFKgHWanNovViUoaWHAxgrpft3KGFfvWPZH5LA==",
      "requires": {
        "loose-envify": "^1.1.0",
        "object-assign": "^4.1.1",
        "prop-types": "^15.6.2",
        "scheduler": "^0.12.0"
      },
      "dependencies": {
        "prop-types": {
          "version": "15.6.2",
          "resolved": "https://registry.npmjs.org/prop-types/-/prop-types-15.6.2.tgz",
          "integrity": "sha512-3pboPvLiWD7dkI3qf3KbUe6hKFKa52w+AE0VCqECtf+QHAKgOL37tTaNCnuX1nAAQ4ZhyP+kYVKf8rLmJ/feDQ==",
          "requires": {
            "loose-envify": "^1.3.1",
            "object-assign": "^4.1.1"
          }
        }
      }
    },
    "react-dom": {
      "version": "16.7.0",
      "resolved": "https://registry.npmjs.org/react-dom/-/react-dom-0.0.0-4a1072194.tgz",
      "integrity": "sha512-GfG8Vh/jMcnJKDpv7T6O1pS/WVqiocjPQ9o9cscW8bjR9W36DT3Xb4pDZT70t1xyVvX48/NrTQGz0H7I3fCLhQ==",
      "requires": {
        "loose-envify": "^1.1.0",
        "object-assign": "^4.1.1",
        "prop-types": "^15.6.2",
        "scheduler": "^0.12.0"
      },
      "dependencies": {
        "prop-types": {
          "version": "15.6.2",
          "resolved": "https://registry.npmjs.org/prop-types/-/prop-types-15.6.2.tgz",
          "integrity": "sha512-3pboPvLiWD7dkI3qf3KbUe6hKFKa52w+AE0VCqECtf+QHAKgOL37tTaNCnuX1nAAQ4ZhyP+kYVKf8rLmJ/feDQ==",
          "requires": {
            "loose-envify": "^1.3.1",
            "object-assign": "^4.1.1"
          }
        }
      }
    },
    "scheduler": {
      "version": "0.12.0",
      "resolved": "https://registry.npmjs.org/scheduler/-/scheduler-0.0.0-4a1072194.tgz",
      "integrity": "sha512-U+PqKfBcR39RFbJrlJPFwDXG2iLOZBGOPzNSWTAGUoOfTiL8qHTkemJeyV5CcL0UyaRgR8g3S469cNWFs/SHIw==",
      "requires": {
        "loose-envify": "^1.1.0",
        "object-assign": "^4.1.1"
      }
    }
  }
}
